
Microsoft Visual Studio Solution File, Format Version 12.00
# Visual Studio 2013
VisualStudioVersion = 12.0.21005.1
MinimumVisualStudioVersion = 10.0.40219.1
Project("{8BC9CEB8-8B4A-11D0-8D11-00A0C91BC942}") = "sorting", "sorting\sorting.vcxproj", "{A7F010F1-F314-4324-9B93-D74E2FF35294}"
EndProject
Global
	GlobalSection(SolutionConfigurationPlatforms) = preSolution
		Debug|Win32 = Debug|Win32
		Release|Win32 = Release|Win32
	EndGlobalSection
	GlobalSection(ProjectConfigurationPlatforms) = postSolution
		{A7F010F1-F314-4324-9B93-D74E2FF35294}.Debug|Win32.ActiveCfg = Debug|Win32
		{A7F010F1-F314-4324-9B93-D74E2FF35294}.Debug|Win32.Build.0 = Debug|Win32
		{A7F010F1-F314-4324-9B93-D74E2FF35294}.Release|Win32.ActiveCfg = Release|Win32
		{A7F010F1-F314-4324-9B93-D74E2FF35294}.Release|Win32.Build.0 = Release|Win32
	EndGlobalSection
	GlobalSection(SolutionProperties) = preSolution
		HideSolutionNode = FALSE
	EndGlobalSection
EndGlobal
